
Microsoft Visual Studio Solution File, Format Version 12.00
# Visual Studio Version 17
VisualStudioVersion = 17.2.32526.322
MinimumVisualStudioVersion = 10.0.40219.1
Project("{FAE04EC0-301F-11D3-BF4B-00C04F79EFBC}") = "PersonelKayit", "PersonelKayit\PersonelKayit.csproj", "{C73DB2F9-E487-45E1-A516-50B1099CB6FE}"
EndProject
Global
	GlobalSection(SolutionConfigurationPlatforms) = preSolution
		Debug|Any CPU = Debug|Any CPU
		Release|Any CPU = Release|Any CPU
	EndGlobalSection
	GlobalSection(ProjectConfigurationPlatforms) = postSolution
		{C73DB2F9-E487-45E1-A516-50B1099CB6FE}.Debug|Any CPU.ActiveCfg = Debug|Any CPU
		{C73DB2F9-E487-45E1-A516-50B1099CB6FE}.Debug|Any CPU.Build.0 = Debug|Any CPU
		{C73DB2F9-E487-45E1-A516-50B1099CB6FE}.Release|Any CPU.ActiveCfg = Release|Any CPU
		{C73DB2F9-E487-45E1-A516-50B1099CB6FE}.Release|Any CPU.Build.0 = Release|Any CPU
	EndGlobalSection
	GlobalSection(SolutionProperties) = preSolution
		HideSolutionNode = FALSE
	EndGlobalSection
	GlobalSection(ExtensibilityGlobals) = postSolution
		SolutionGuid = {A01ADCBF-9592-4B4C-9209-68C1F1A511D7}
	EndGlobalSection
EndGlobal
